
Microsoft Visual Studio Solution File, Format Version 12.00
# Visual Studio 2012
Project("{FAE04EC0-301F-11D3-BF4B-00C04F79EFBC}") = "ExcelUtil", "ExcelUtil\ExcelUtil.csproj", "{F734DF0E-87F5-491B-BC37-DC2C081FBBAA}"
EndProject
Project("{FAE04EC0-301F-11D3-BF4B-00C04F79EFBC}") = "ExcelUtil.Tests", "ExcelUtil.Tests\ExcelUtil.Tests.csproj", "{8B0B19CE-A863-4903-80C5-A589E06F8FB0}"
EndProject
Project("{FAE04EC0-301F-11D3-BF4B-00C04F79EFBC}") = "ExcelCompare", "ExcelCompare\ExcelCompare.csproj", "{9CEAFAD3-46AE-4465-889B-7FC63ECBCF06}"
EndProject
Global
	GlobalSection(SolutionConfigurationPlatforms) = preSolution
		Debug|Any CPU = Debug|Any CPU
		Release|Any CPU = Release|Any CPU
	EndGlobalSection
	GlobalSection(ProjectConfigurationPlatforms) = postSolution
		{F734DF0E-87F5-491B-BC37-DC2C081FBBAA}.Debug|Any CPU.ActiveCfg = Debug|Any CPU
		{F734DF0E-87F5-491B-BC37-DC2C081FBBAA}.Debug|Any CPU.Build.0 = Debug|Any CPU
		{F734DF0E-87F5-491B-BC37-DC2C081FBBAA}.Release|Any CPU.ActiveCfg = Release|Any CPU
		{F734DF0E-87F5-491B-BC37-DC2C081FBBAA}.Release|Any CPU.Build.0 = Release|Any CPU
		{8B0B19CE-A863-4903-80C5-A589E06F8FB0}.Debug|Any CPU.ActiveCfg = Debug|Any CPU
		{8B0B19CE-A863-4903-80C5-A589E06F8FB0}.Debug|Any CPU.Build.0 = Debug|Any CPU
		{8B0B19CE-A863-4903-80C5-A589E06F8FB0}.Release|Any CPU.ActiveCfg = Release|Any CPU
		{8B0B19CE-A863-4903-80C5-A589E06F8FB0}.Release|Any CPU.Build.0 = Release|Any CPU
		{9CEAFAD3-46AE-4465-889B-7FC63ECBCF06}.Debug|Any CPU.ActiveCfg = Debug|Any CPU
		{9CEAFAD3-46AE-4465-889B-7FC63ECBCF06}.Debug|Any CPU.Build.0 = Debug|Any CPU
		{9CEAFAD3-46AE-4465-889B-7FC63ECBCF06}.Release|Any CPU.ActiveCfg = Release|Any CPU
		{9CEAFAD3-46AE-4465-889B-7FC63ECBCF06}.Release|Any CPU.Build.0 = Release|Any CPU
	EndGlobalSection
	GlobalSection(SolutionProperties) = preSolution
		HideSolutionNode = FALSE
	EndGlobalSection
EndGlobal
